
Microsoft Visual Studio Solution File, Format Version 12.00
# Visual Studio Version 16
VisualStudioVersion = 16.0.29503.13
MinimumVisualStudioVersion = 10.0.40219.1
Project("{FAE04EC0-301F-11D3-BF4B-00C04F79EFBC}") = "FraudVSCulture", "FraudVSCulture\FraudVSCulture.csproj", "{6B2B64B7-B407-4E43-911A-F4A9B10CC6DF}"
EndProject
Global
	GlobalSection(SolutionConfigurationPlatforms) = preSolution
		Debug|Any CPU = Debug|Any CPU
		Release|Any CPU = Release|Any CPU
	EndGlobalSection
	GlobalSection(ProjectConfigurationPlatforms) = postSolution
		{6B2B64B7-B407-4E43-911A-F4A9B10CC6DF}.Debug|Any CPU.ActiveCfg = Debug|Any CPU
		{6B2B64B7-B407-4E43-911A-F4A9B10CC6DF}.Debug|Any CPU.Build.0 = Debug|Any CPU
		{6B2B64B7-B407-4E43-911A-F4A9B10CC6DF}.Release|Any CPU.ActiveCfg = Release|Any CPU
		{6B2B64B7-B407-4E43-911A-F4A9B10CC6DF}.Release|Any CPU.Build.0 = Release|Any CPU
	EndGlobalSection
	GlobalSection(SolutionProperties) = preSolution
		HideSolutionNode = FALSE
	EndGlobalSection
	GlobalSection(ExtensibilityGlobals) = postSolution
		SolutionGuid = {0B613D5D-1567-4FE7-B016-C8FBF453A776}
	EndGlobalSection
EndGlobal
